{
  "name": "pas-database-rehearsal",
  "lockfileVersion": 3,
  "requires": true,
  "packages": {
    "": {
      "name": "pas-database-rehearsal",
      "dependencies": {
        "@electric-sql/pglite": "0.5.5",
        "@electric-sql/pglite-tools": "0.4.5"
      }
    },
    "node_modules/@electric-sql/pglite": {
      "version": "0.5.5",
      "resolved": "https://registry.npmjs.org/@electric-sql/pglite/-/pglite-0.5.5.tgz",
      "integrity": "sha512-QeZ+oB7QaU4EJj2awrB8hwFZ5TXxLRBQ9Gfq0dQauYDdWsRtuWRCERgtri35vRfL07KQHlVlc/4Qxvn7a5AXeA==",
      "license": "Apache-2.0"
    },
    "node_modules/@electric-sql/pglite-tools": {
      "version": "0.4.5",
      "resolved": "https://registry.npmjs.org/@electric-sql/pglite-tools/-/pglite-tools-0.4.5.tgz",
      "integrity": "sha512-4Fp+iFgqOLPFu/9HRI/I4JAMJaG3Bz4hIwDS5gzRYNNDMUNLdDew4nQsxocAk5Kcfbjcg/PeViqAe8KxXhpnsA==",
      "license": "Apache-2.0",
      "peerDependencies": {
        "@electric-sql/pglite": "0.5.5"
      }
    }
  }
}
